
Microsoft Visual Studio Solution File, Format Version 12.00
# Visual Studio Version 17
VisualStudioVersion = 17.1.32328.378
MinimumVisualStudioVersion = 10.0.40219.1
Project("{2150E333-8FDC-42A3-9474-1A3956D46DE8}") = "Libs", "Libs", "{767C025F-37B2-4BB2-9CD7-D472967B5CAE}"
EndProject
Project("{9A19103F-16F7-4668-BE54-9A1E7A4F7556}") = "NoSqlDatabase.Tests", "Tests\NoSqlDatabase.Tests\NoSqlDatabase.Tests.csproj", "{D4F170F9-62E2-4F06-98A7-4F1F0463967C}"
EndProject
Project("{2150E333-8FDC-42A3-9474-1A3956D46DE8}") = "Tests", "Tests", "{33FCC7CF-2162-41ED-8438-751F2FC749E1}"
EndProject
Project("{9A19103F-16F7-4668-BE54-9A1E7A4F7556}") = "Calendar.Tests", "Tests\Calendar.Tests\Calendar.Tests.csproj", "{3A826240-8272-46F8-B6C0-8F4F66C3E46A}"
EndProject
Project("{9A19103F-16F7-4668-BE54-9A1E7A4F7556}") = "Weather.Tests", "Tests\Weather.Tests\Weather.Tests.csproj", "{E6C0BA00-D856-4474-9BDF-73CF4510983B}"
EndProject
Project("{9A19103F-16F7-4668-BE54-9A1E7A4F7556}") = "Calendar", "Libs\Calendar\Calendar.csproj", "{B4FF41EB-365E-4893-B34B-368AFCB203F4}"
EndProject
Project("{9A19103F-16F7-4668-BE54-9A1E7A4F7556}") = "Common", "Libs\Common\Common.csproj", "{87686BDB-FA8A-432B-A66E-F211FE8A236E}"
EndProject
Project("{9A19103F-16F7-4668-BE54-9A1E7A4F7556}") = "NoSqlDatabase", "Libs\NoSqlDatabase\NoSqlDatabase.csproj", "{F6811772-BDCC-48D9-AFC4-1B9778EA71AE}"
EndProject
Project("{9A19103F-16F7-4668-BE54-9A1E7A4F7556}") = "SqlDatabase", "Libs\SqlDatabase\SqlDatabase.csproj", "{1D060120-574A-4D5F-A750-5CB880D3CC31}"
EndProject
Project("{9A19103F-16F7-4668-BE54-9A1E7A4F7556}") = "Weather", "Libs\Weather\Weather.csproj", "{5762447B-E030-4557-AF9A-4A1508D65B06}"
EndProject
Project("{9A19103F-16F7-4668-BE54-9A1E7A4F7556}") = "SqlDatabase.Tests", "Tests\SqlDatabase.Tests\SqlDatabase.Tests.csproj", "{EB63615F-4D69-4BAD-88F8-B97EB54F0D6D}"
EndProject
Global
	GlobalSection(SolutionConfigurationPlatforms) = preSolution
		Common .Net8.0|Any CPU = Common .Net8.0|Any CPU
		Common .Net8.0|x64 = Common .Net8.0|x64
		Common .Net8.0|x86 = Common .Net8.0|x86
		Debug|Any CPU = Debug|Any CPU
		Debug|x64 = Debug|x64
		Debug|x86 = Debug|x86
		Release|Any CPU = Release|Any CPU
		Release|x64 = Release|x64
		Release|x86 = Release|x86
	EndGlobalSection
	GlobalSection(ProjectConfigurationPlatforms) = postSolution
		{D4F170F9-62E2-4F06-98A7-4F1F0463967C}.Common .Net8.0|Any CPU.ActiveCfg = Common .Net8.0|Any CPU
		{D4F170F9-62E2-4F06-98A7-4F1F0463967C}.Common .Net8.0|Any CPU.Build.0 = Common .Net8.0|Any CPU
		{D4F170F9-62E2-4F06-98A7-4F1F0463967C}.Common .Net8.0|x64.ActiveCfg = Common .Net8.0|Any CPU
		{D4F170F9-62E2-4F06-98A7-4F1F0463967C}.Common .Net8.0|x64.Build.0 = Common .Net8.0|Any CPU
		{D4F170F9-62E2-4F06-98A7-4F1F0463967C}.Common .Net8.0|x86.ActiveCfg = Common .Net8.0|Any CPU
		{D4F170F9-62E2-4F06-98A7-4F1F0463967C}.Common .Net8.0|x86.Build.0 = Common .Net8.0|Any CPU
		{D4F170F9-62E2-4F06-98A7-4F1F0463967C}.Debug|Any CPU.ActiveCfg = Debug|Any CPU
		{D4F170F9-62E2-4F06-98A7-4F1F0463967C}.Debug|Any CPU.Build.0 = Debug|Any CPU
		{D4F170F9-62E2-4F06-98A7-4F1F0463967C}.Debug|x64.ActiveCfg = Debug|Any CPU
		{D4F170F9-62E2-4F06-98A7-4F1F0463967C}.Debug|x64.Build.0 = Debug|Any CPU
		{D4F170F9-62E2-4F06-98A7-4F1F0463967C}.Debug|x86.ActiveCfg = Debug|Any CPU
		{D4F170F9-62E2-4F06-98A7-4F1F0463967C}.Debug|x86.Build.0 = Debug|Any CPU
		{D4F170F9-62E2-4F06-98A7-4F1F0463967C}.Release|Any CPU.ActiveCfg = Release|Any CPU
		{D4F170F9-62E2-4F06-98A7-4F1F0463967C}.Release|Any CPU.Build.0 = Release|Any CPU
		{D4F170F9-62E2-4F06-98A7-4F1F0463967C}.Release|x64.ActiveCfg = Release|Any CPU
		{D4F170F9-62E2-4F06-98A7-4F1F0463967C}.Release|x64.Build.0 = Release|Any CPU
		{D4F170F9-62E2-4F06-98A7-4F1F0463967C}.Release|x86.ActiveCfg = Release|Any CPU
		{D4F170F9-62E2-4F06-98A7-4F1F0463967C}.Release|x86.Build.0 = Release|Any CPU
		{3A826240-8272-46F8-B6C0-8F4F66C3E46A}.Common .Net8.0|Any CPU.ActiveCfg = Common .Net8.0|Any CPU
		{3A826240-8272-46F8-B6C0-8F4F66C3E46A}.Common .Net8.0|Any CPU.Build.0 = Common .Net8.0|Any CPU
		{3A826240-8272-46F8-B6C0-8F4F66C3E46A}.Common .Net8.0|x64.ActiveCfg = Common .Net8.0|Any CPU
		{3A826240-8272-46F8-B6C0-8F4F66C3E46A}.Common .Net8.0|x64.Build.0 = Common .Net8.0|Any CPU
		{3A826240-8272-46F8-B6C0-8F4F66C3E46A}.Common .Net8.0|x86.ActiveCfg = Common .Net8.0|Any CPU
		{3A826240-8272-46F8-B6C0-8F4F66C3E46A}.Common .Net8.0|x86.Build.0 = Common .Net8.0|Any CPU
		{3A826240-8272-46F8-B6C0-8F4F66C3E46A}.Debug|Any CPU.ActiveCfg = Debug|Any CPU
		{3A826240-8272-46F8-B6C0-8F4F66C3E46A}.Debug|Any CPU.Build.0 = Debug|Any CPU
		{3A826240-8272-46F8-B6C0-8F4F66C3E46A}.Debug|x64.ActiveCfg = Debug|Any CPU
		{3A826240-8272-46F8-B6C0-8F4F66C3E46A}.Debug|x64.Build.0 = Debug|Any CPU
		{3A826240-8272-46F8-B6C0-8F4F66C3E46A}.Debug|x86.ActiveCfg = Debug|Any CPU
		{3A826240-8272-46F8-B6C0-8F4F66C3E46A}.Debug|x86.Build.0 = Debug|Any CPU
		{3A826240-8272-46F8-B6C0-8F4F66C3E46A}.Release|Any CPU.ActiveCfg = Release|Any CPU
		{3A826240-8272-46F8-B6C0-8F4F66C3E46A}.Release|Any CPU.Build.0 = Release|Any CPU
		{3A826240-8272-46F8-B6C0-8F4F66C3E46A}.Release|x64.ActiveCfg = Release|Any CPU
		{3A826240-8272-46F8-B6C0-8F4F66C3E46A}.Release|x64.Build.0 = Release|Any CPU
		{3A826240-8272-46F8-B6C0-8F4F66C3E46A}.Release|x86.ActiveCfg = Release|Any CPU
		{3A826240-8272-46F8-B6C0-8F4F66C3E46A}.Release|x86.Build.0 = Release|Any CPU
		{E6C0BA00-D856-4474-9BDF-73CF4510983B}.Common .Net8.0|Any CPU.ActiveCfg = Common .Net8.0|Any CPU
		{E6C0BA00-D856-4474-9BDF-73CF4510983B}.Common .Net8.0|Any CPU.Build.0 = Common .Net8.0|Any CPU
		{E6C0BA00-D856-4474-9BDF-73CF4510983B}.Common .Net8.0|x64.ActiveCfg = Common .Net8.0|Any CPU
		{E6C0BA00-D856-4474-9BDF-73CF4510983B}.Common .Net8.0|x64.Build.0 = Common .Net8.0|Any CPU
		{E6C0BA00-D856-4474-9BDF-73CF4510983B}.Common .Net8.0|x86.ActiveCfg = Common .Net8.0|Any CPU
		{E6C0BA00-D856-4474-9BDF-73CF4510983B}.Common .Net8.0|x86.Build.0 = Common .Net8.0|Any CPU
		{E6C0BA00-D856-4474-9BDF-73CF4510983B}.Debug|Any CPU.ActiveCfg = Debug|Any CPU
		{E6C0BA00-D856-4474-9BDF-73CF4510983B}.Debug|Any CPU.Build.0 = Debug|Any CPU
		{E6C0BA00-D856-4474-9BDF-73CF4510983B}.Debug|x64.ActiveCfg = Debug|Any CPU
		{E6C0BA00-D856-4474-9BDF-73CF4510983B}.Debug|x64.Build.0 = Debug|Any CPU
		{E6C0BA00-D856-4474-9BDF-73CF4510983B}.Debug|x86.ActiveCfg = Debug|Any CPU
		{E6C0BA00-D856-4474-9BDF-73CF4510983B}.Debug|x86.Build.0 = Debug|Any CPU
		{E6C0BA00-D856-4474-9BDF-73CF4510983B}.Release|Any CPU.ActiveCfg = Release|Any CPU
		{E6C0BA00-D856-4474-9BDF-73CF4510983B}.Release|Any CPU.Build.0 = Release|Any CPU
		{E6C0BA00-D856-4474-9BDF-73CF4510983B}.Release|x64.ActiveCfg = Release|Any CPU
		{E6C0BA00-D856-4474-9BDF-73CF4510983B}.Release|x64.Build.0 = Release|Any CPU
		{E6C0BA00-D856-4474-9BDF-73CF4510983B}.Release|x86.ActiveCfg = Release|Any CPU
		{E6C0BA00-D856-4474-9BDF-73CF4510983B}.Release|x86.Build.0 = Release|Any CPU
		{B4FF41EB-365E-4893-B34B-368AFCB203F4}.Common .Net8.0|Any CPU.ActiveCfg = Common .Net8.0|Any CPU
		{B4FF41EB-365E-4893-B34B-368AFCB203F4}.Common .Net8.0|Any CPU.Build.0 = Common .Net8.0|Any CPU
		{B4FF41EB-365E-4893-B34B-368AFCB203F4}.Common .Net8.0|x64.ActiveCfg = Common .Net8.0|Any CPU
		{B4FF41EB-365E-4893-B34B-368AFCB203F4}.Common .Net8.0|x64.Build.0 = Common .Net8.0|Any CPU
		{B4FF41EB-365E-4893-B34B-368AFCB203F4}.Common .Net8.0|x86.ActiveCfg = Common .Net8.0|Any CPU
		{B4FF41EB-365E-4893-B34B-368AFCB203F4}.Common .Net8.0|x86.Build.0 = Common .Net8.0|Any CPU
		{B4FF41EB-365E-4893-B34B-368AFCB203F4}.Debug|Any CPU.ActiveCfg = Debug|Any CPU
		{B4FF41EB-365E-4893-B34B-368AFCB203F4}.Debug|Any CPU.Build.0 = Debug|Any CPU
		{B4FF41EB-365E-4893-B34B-368AFCB203F4}.Debug|x64.ActiveCfg = Debug|Any CPU
		{B4FF41EB-365E-4893-B34B-368AFCB203F4}.Debug|x64.Build.0 = Debug|Any CPU
		{B4FF41EB-365E-4893-B34B-368AFCB203F4}.Debug|x86.ActiveCfg = Debug|Any CPU
		{B4FF41EB-365E-4893-B34B-368AFCB203F4}.Debug|x86.Build.0 = Debug|Any CPU
		{B4FF41EB-365E-4893-B34B-368AFCB203F4}.Release|Any CPU.ActiveCfg = Release|Any CPU
		{B4FF41EB-365E-4893-B34B-368AFCB203F4}.Release|Any CPU.Build.0 = Release|Any CPU
		{B4FF41EB-365E-4893-B34B-368AFCB203F4}.Release|x64.ActiveCfg = Release|Any CPU
		{B4FF41EB-365E-4893-B34B-368AFCB203F4}.Release|x64.Build.0 = Release|Any CPU
		{B4FF41EB-365E-4893-B34B-368AFCB203F4}.Release|x86.ActiveCfg = Release|Any CPU
		{B4FF41EB-365E-4893-B34B-368AFCB203F4}.Release|x86.Build.0 = Release|Any CPU
		{87686BDB-FA8A-432B-A66E-F211FE8A236E}.Common .Net8.0|Any CPU.ActiveCfg = Common .Net8.0|Any CPU
		{87686BDB-FA8A-432B-A66E-F211FE8A236E}.Common .Net8.0|Any CPU.Build.0 = Common .Net8.0|Any CPU
		{87686BDB-FA8A-432B-A66E-F211FE8A236E}.Common .Net8.0|x64.ActiveCfg = Common .Net8.0|Any CPU
		{87686BDB-FA8A-432B-A66E-F211FE8A236E}.Common .Net8.0|x64.Build.0 = Common .Net8.0|Any CPU
		{87686BDB-FA8A-432B-A66E-F211FE8A236E}.Common .Net8.0|x86.ActiveCfg = Common .Net8.0|Any CPU
		{87686BDB-FA8A-432B-A66E-F211FE8A236E}.Common .Net8.0|x86.Build.0 = Common .Net8.0|Any CPU
		{87686BDB-FA8A-432B-A66E-F211FE8A236E}.Debug|Any CPU.ActiveCfg = Debug|Any CPU
		{87686BDB-FA8A-432B-A66E-F211FE8A236E}.Debug|Any CPU.Build.0 = Debug|Any CPU
		{87686BDB-FA8A-432B-A66E-F211FE8A236E}.Debug|x64.ActiveCfg = Debug|Any CPU
		{87686BDB-FA8A-432B-A66E-F211FE8A236E}.Debug|x64.Build.0 = Debug|Any CPU
		{87686BDB-FA8A-432B-A66E-F211FE8A236E}.Debug|x86.ActiveCfg = Debug|Any CPU
		{87686BDB-FA8A-432B-A66E-F211FE8A236E}.Debug|x86.Build.0 = Debug|Any CPU
		{87686BDB-FA8A-432B-A66E-F211FE8A236E}.Release|Any CPU.ActiveCfg = Release|Any CPU
		{87686BDB-FA8A-432B-A66E-F211FE8A236E}.Release|Any CPU.Build.0 = Release|Any CPU
		{87686BDB-FA8A-432B-A66E-F211FE8A236E}.Release|x64.ActiveCfg = Release|Any CPU
		{87686BDB-FA8A-432B-A66E-F211FE8A236E}.Release|x64.Build.0 = Release|Any CPU
		{87686BDB-FA8A-432B-A66E-F211FE8A236E}.Release|x86.ActiveCfg = Release|Any CPU
		{87686BDB-FA8A-432B-A66E-F211FE8A236E}.Release|x86.Build.0 = Release|Any CPU
		{F6811772-BDCC-48D9-AFC4-1B9778EA71AE}.Common .Net8.0|Any CPU.ActiveCfg = Common .Net8.0|Any CPU
		{F6811772-BDCC-48D9-AFC4-1B9778EA71AE}.Common .Net8.0|Any CPU.Build.0 = Common .Net8.0|Any CPU
		{F6811772-BDCC-48D9-AFC4-1B9778EA71AE}.Common .Net8.0|x64.ActiveCfg = Common .Net8.0|Any CPU
		{F6811772-BDCC-48D9-AFC4-1B9778EA71AE}.Common .Net8.0|x64.Build.0 = Common .Net8.0|Any CPU
		{F6811772-BDCC-48D9-AFC4-1B9778EA71AE}.Common .Net8.0|x86.ActiveCfg = Common .Net8.0|Any CPU
		{F6811772-BDCC-48D9-AFC4-1B9778EA71AE}.Common .Net8.0|x86.Build.0 = Common .Net8.0|Any CPU
		{F6811772-BDCC-48D9-AFC4-1B9778EA71AE}.Debug|Any CPU.ActiveCfg = Debug|Any CPU
		{F6811772-BDCC-48D9-AFC4-1B9778EA71AE}.Debug|Any CPU.Build.0 = Debug|Any CPU
		{F6811772-BDCC-48D9-AFC4-1B9778EA71AE}.Debug|x64.ActiveCfg = Debug|Any CPU
		{F6811772-BDCC-48D9-AFC4-1B9778EA71AE}.Debug|x64.Build.0 = Debug|Any CPU
		{F6811772-BDCC-48D9-AFC4-1B9778EA71AE}.Debug|x86.ActiveCfg = Debug|Any CPU
		{F6811772-BDCC-48D9-AFC4-1B9778EA71AE}.Debug|x86.Build.0 = Debug|Any CPU
		{F6811772-BDCC-48D9-AFC4-1B9778EA71AE}.Release|Any CPU.ActiveCfg = Release|Any CPU
		{F6811772-BDCC-48D9-AFC4-1B9778EA71AE}.Release|Any CPU.Build.0 = Release|Any CPU
		{F6811772-BDCC-48D9-AFC4-1B9778EA71AE}.Release|x64.ActiveCfg = Release|Any CPU
		{F6811772-BDCC-48D9-AFC4-1B9778EA71AE}.Release|x64.Build.0 = Release|Any CPU
		{F6811772-BDCC-48D9-AFC4-1B9778EA71AE}.Release|x86.ActiveCfg = Release|Any CPU
		{F6811772-BDCC-48D9-AFC4-1B9778EA71AE}.Release|x86.Build.0 = Release|Any CPU
		{1D060120-574A-4D5F-A750-5CB880D3CC31}.Common .Net8.0|Any CPU.ActiveCfg = Common .Net8.0|Any CPU
		{1D060120-574A-4D5F-A750-5CB880D3CC31}.Common .Net8.0|Any CPU.Build.0 = Common .Net8.0|Any CPU
		{1D060120-574A-4D5F-A750-5CB880D3CC31}.Common .Net8.0|x64.ActiveCfg = Common .Net8.0|Any CPU
		{1D060120-574A-4D5F-A750-5CB880D3CC31}.Common .Net8.0|x64.Build.0 = Common .Net8.0|Any CPU
		{1D060120-574A-4D5F-A750-5CB880D3CC31}.Common .Net8.0|x86.ActiveCfg = Common .Net8.0|Any CPU
		{1D060120-574A-4D5F-A750-5CB880D3CC31}.Common .Net8.0|x86.Build.0 = Common .Net8.0|Any CPU
		{1D060120-574A-4D5F-A750-5CB880D3CC31}.Debug|Any CPU.ActiveCfg = Debug|Any CPU
		{1D060120-574A-4D5F-A750-5CB880D3CC31}.Debug|Any CPU.Build.0 = Debug|Any CPU
		{1D060120-574A-4D5F-A750-5CB880D3CC31}.Debug|x64.ActiveCfg = Debug|Any CPU
		{1D060120-574A-4D5F-A750-5CB880D3CC31}.Debug|x64.Build.0 = Debug|Any CPU
		{1D060120-574A-4D5F-A750-5CB880D3CC31}.Debug|x86.ActiveCfg = Debug|Any CPU
		{1D060120-574A-4D5F-A750-5CB880D3CC31}.Debug|x86.Build.0 = Debug|Any CPU
		{1D060120-574A-4D5F-A750-5CB880D3CC31}.Release|Any CPU.ActiveCfg = Release|Any CPU
		{1D060120-574A-4D5F-A750-5CB880D3CC31}.Release|Any CPU.Build.0 = Release|Any CPU
		{1D060120-574A-4D5F-A750-5CB880D3CC31}.Release|x64.ActiveCfg = Release|Any CPU
		{1D060120-574A-4D5F-A750-5CB880D3CC31}.Release|x64.Build.0 = Release|Any CPU
		{1D060120-574A-4D5F-A750-5CB880D3CC31}.Release|x86.ActiveCfg = Release|Any CPU
		{1D060120-574A-4D5F-A750-5CB880D3CC31}.Release|x86.Build.0 = Release|Any CPU
		{5762447B-E030-4557-AF9A-4A1508D65B06}.Common .Net8.0|Any CPU.ActiveCfg = Release|Any CPU
		{5762447B-E030-4557-AF9A-4A1508D65B06}.Common .Net8.0|Any CPU.Build.0 = Release|Any CPU
		{5762447B-E030-4557-AF9A-4A1508D65B06}.Common .Net8.0|x64.ActiveCfg = Release|Any CPU
		{5762447B-E030-4557-AF9A-4A1508D65B06}.Common .Net8.0|x64.Build.0 = Release|Any CPU
		{5762447B-E030-4557-AF9A-4A1508D65B06}.Common .Net8.0|x86.ActiveCfg = Release|Any CPU
		{5762447B-E030-4557-AF9A-4A1508D65B06}.Common .Net8.0|x86.Build.0 = Release|Any CPU
		{5762447B-E030-4557-AF9A-4A1508D65B06}.Debug|Any CPU.ActiveCfg = Debug|Any CPU
		{5762447B-E030-4557-AF9A-4A1508D65B06}.Debug|Any CPU.Build.0 = Debug|Any CPU
		{5762447B-E030-4557-AF9A-4A1508D65B06}.Debug|x64.ActiveCfg = Debug|Any CPU
		{5762447B-E030-4557-AF9A-4A1508D65B06}.Debug|x64.Build.0 = Debug|Any CPU
		{5762447B-E030-4557-AF9A-4A1508D65B06}.Debug|x86.ActiveCfg = Debug|Any CPU
		{5762447B-E030-4557-AF9A-4A1508D65B06}.Debug|x86.Build.0 = Debug|Any CPU
		{5762447B-E030-4557-AF9A-4A1508D65B06}.Release|Any CPU.ActiveCfg = Release|Any CPU
		{5762447B-E030-4557-AF9A-4A1508D65B06}.Release|Any CPU.Build.0 = Release|Any CPU
		{5762447B-E030-4557-AF9A-4A1508D65B06}.Release|x64.ActiveCfg = Release|Any CPU
		{5762447B-E030-4557-AF9A-4A1508D65B06}.Release|x64.Build.0 = Release|Any CPU
		{5762447B-E030-4557-AF9A-4A1508D65B06}.Release|x86.ActiveCfg = Release|Any CPU
		{5762447B-E030-4557-AF9A-4A1508D65B06}.Release|x86.Build.0 = Release|Any CPU
		{EB63615F-4D69-4BAD-88F8-B97EB54F0D6D}.Common .Net8.0|Any CPU.ActiveCfg = Common .Net8.0|Any CPU
		{EB63615F-4D69-4BAD-88F8-B97EB54F0D6D}.Common .Net8.0|Any CPU.Build.0 = Common .Net8.0|Any CPU
		{EB63615F-4D69-4BAD-88F8-B97EB54F0D6D}.Common .Net8.0|x64.ActiveCfg = Common .Net8.0|Any CPU
		{EB63615F-4D69-4BAD-88F8-B97EB54F0D6D}.Common .Net8.0|x64.Build.0 = Common .Net8.0|Any CPU
		{EB63615F-4D69-4BAD-88F8-B97EB54F0D6D}.Common .Net8.0|x86.ActiveCfg = Common .Net8.0|Any CPU
		{EB63615F-4D69-4BAD-88F8-B97EB54F0D6D}.Common .Net8.0|x86.Build.0 = Common .Net8.0|Any CPU
		{EB63615F-4D69-4BAD-88F8-B97EB54F0D6D}.Debug|Any CPU.ActiveCfg = Debug|Any CPU
		{EB63615F-4D69-4BAD-88F8-B97EB54F0D6D}.Debug|Any CPU.Build.0 = Debug|Any CPU
		{EB63615F-4D69-4BAD-88F8-B97EB54F0D6D}.Debug|x64.ActiveCfg = Debug|Any CPU
		{EB63615F-4D69-4BAD-88F8-B97EB54F0D6D}.Debug|x64.Build.0 = Debug|Any CPU
		{EB63615F-4D69-4BAD-88F8-B97EB54F0D6D}.Debug|x86.ActiveCfg = Debug|Any CPU
		{EB63615F-4D69-4BAD-88F8-B97EB54F0D6D}.Debug|x86.Build.0 = Debug|Any CPU
		{EB63615F-4D69-4BAD-88F8-B97EB54F0D6D}.Release|Any CPU.ActiveCfg = Release|Any CPU
		{EB63615F-4D69-4BAD-88F8-B97EB54F0D6D}.Release|Any CPU.Build.0 = Release|Any CPU
		{EB63615F-4D69-4BAD-88F8-B97EB54F0D6D}.Release|x64.ActiveCfg = Release|Any CPU
		{EB63615F-4D69-4BAD-88F8-B97EB54F0D6D}.Release|x64.Build.0 = Release|Any CPU
		{EB63615F-4D69-4BAD-88F8-B97EB54F0D6D}.Release|x86.ActiveCfg = Release|Any CPU
		{EB63615F-4D69-4BAD-88F8-B97EB54F0D6D}.Release|x86.Build.0 = Release|Any CPU
	EndGlobalSection
	GlobalSection(SolutionProperties) = preSolution
		HideSolutionNode = FALSE
	EndGlobalSection
	GlobalSection(NestedProjects) = preSolution
		{D4F170F9-62E2-4F06-98A7-4F1F0463967C} = {33FCC7CF-2162-41ED-8438-751F2FC749E1}
		{3A826240-8272-46F8-B6C0-8F4F66C3E46A} = {33FCC7CF-2162-41ED-8438-751F2FC749E1}
		{E6C0BA00-D856-4474-9BDF-73CF4510983B} = {33FCC7CF-2162-41ED-8438-751F2FC749E1}
		{B4FF41EB-365E-4893-B34B-368AFCB203F4} = {767C025F-37B2-4BB2-9CD7-D472967B5CAE}
		{87686BDB-FA8A-432B-A66E-F211FE8A236E} = {767C025F-37B2-4BB2-9CD7-D472967B5CAE}
		{F6811772-BDCC-48D9-AFC4-1B9778EA71AE} = {767C025F-37B2-4BB2-9CD7-D472967B5CAE}
		{1D060120-574A-4D5F-A750-5CB880D3CC31} = {767C025F-37B2-4BB2-9CD7-D472967B5CAE}
		{5762447B-E030-4557-AF9A-4A1508D65B06} = {767C025F-37B2-4BB2-9CD7-D472967B5CAE}
		{EB63615F-4D69-4BAD-88F8-B97EB54F0D6D} = {33FCC7CF-2162-41ED-8438-751F2FC749E1}
	EndGlobalSection
	GlobalSection(ExtensibilityGlobals) = postSolution
		SolutionGuid = {15FA1FA8-C35A-487D-8E6F-5BDC80B0281B}
	EndGlobalSection
EndGlobal
