
Microsoft Visual Studio Solution File, Format Version 12.00
# Visual Studio Version 17
VisualStudioVersion = 17.1.32328.378
MinimumVisualStudioVersion = 10.0.40219.1
Project("{2150E333-8FDC-42A3-9474-1A3956D46DE8}") = "Libs", "Libs", "{767C025F-37B2-4BB2-9CD7-D472967B5CAE}"
EndProject
Project("{9A19103F-16F7-4668-BE54-9A1E7A4F7556}") = "NoSqlDatabase.Tests", "Tests\NoSqlDatabase.Tests\NoSqlDatabase.Tests.csproj", "{D4F170F9-62E2-4F06-98A7-4F1F0463967C}"
EndProject
Project("{2150E333-8FDC-42A3-9474-1A3956D46DE8}") = "Tests", "Tests", "{33FCC7CF-2162-41ED-8438-751F2FC749E1}"
EndProject
Project("{9A19103F-16F7-4668-BE54-9A1E7A4F7556}") = "Calendar", "Libs\Calendar\Calendar.csproj", "{C1C46F2D-16CE-4FC9-B933-86EF6EA90433}"
EndProject
Project("{9A19103F-16F7-4668-BE54-9A1E7A4F7556}") = "Common", "Libs\Common\Common.csproj", "{52275A2B-8C19-4A31-89D4-3E61DC46ECB4}"
EndProject
Project("{9A19103F-16F7-4668-BE54-9A1E7A4F7556}") = "NoSqlDatabase", "Libs\Cosmos\NoSqlDatabase.csproj", "{552D9110-5D8B-48A0-84FB-3551DCA1802B}"
EndProject
Project("{9A19103F-16F7-4668-BE54-9A1E7A4F7556}") = "Calendar.Tests", "Tests\Calendar.Tests\Calendar.Tests.csproj", "{3A826240-8272-46F8-B6C0-8F4F66C3E46A}"
EndProject
Project("{9A19103F-16F7-4668-BE54-9A1E7A4F7556}") = "Weather", "Libs\Weather\Weather.csproj", "{E9C9F0C0-1AA0-4D24-ADBB-E8A40CD38B10}"
EndProject
Project("{9A19103F-16F7-4668-BE54-9A1E7A4F7556}") = "Weather.Tests", "Tests\Weather.Tests\Weather.Tests.csproj", "{E6C0BA00-D856-4474-9BDF-73CF4510983B}"
EndProject
Project("{9A19103F-16F7-4668-BE54-9A1E7A4F7556}") = "SqlDatabase", "Libs\SqlDatabase\SqlDatabase.csproj", "{2F448DDF-3118-49AC-8111-F56EB619CF53}"
EndProject
Project("{FAE04EC0-301F-11D3-BF4B-00C04F79EFBC}") = "Testing Console", "Tests\Testing Console\Testing Console.csproj", "{148AEC0D-AF68-4511-921C-69804A785B16}"
EndProject
Global
	GlobalSection(SolutionConfigurationPlatforms) = preSolution
		Debug|Any CPU = Debug|Any CPU
		Debug|x64 = Debug|x64
		Debug|x86 = Debug|x86
		Release|Any CPU = Release|Any CPU
		Release|x64 = Release|x64
		Release|x86 = Release|x86
	EndGlobalSection
	GlobalSection(ProjectConfigurationPlatforms) = postSolution
		{D4F170F9-62E2-4F06-98A7-4F1F0463967C}.Debug|Any CPU.ActiveCfg = Debug|Any CPU
		{D4F170F9-62E2-4F06-98A7-4F1F0463967C}.Debug|Any CPU.Build.0 = Debug|Any CPU
		{D4F170F9-62E2-4F06-98A7-4F1F0463967C}.Debug|x64.ActiveCfg = Debug|Any CPU
		{D4F170F9-62E2-4F06-98A7-4F1F0463967C}.Debug|x64.Build.0 = Debug|Any CPU
		{D4F170F9-62E2-4F06-98A7-4F1F0463967C}.Debug|x86.ActiveCfg = Debug|Any CPU
		{D4F170F9-62E2-4F06-98A7-4F1F0463967C}.Debug|x86.Build.0 = Debug|Any CPU
		{D4F170F9-62E2-4F06-98A7-4F1F0463967C}.Release|Any CPU.ActiveCfg = Release|Any CPU
		{D4F170F9-62E2-4F06-98A7-4F1F0463967C}.Release|Any CPU.Build.0 = Release|Any CPU
		{D4F170F9-62E2-4F06-98A7-4F1F0463967C}.Release|x64.ActiveCfg = Release|Any CPU
		{D4F170F9-62E2-4F06-98A7-4F1F0463967C}.Release|x64.Build.0 = Release|Any CPU
		{D4F170F9-62E2-4F06-98A7-4F1F0463967C}.Release|x86.ActiveCfg = Release|Any CPU
		{D4F170F9-62E2-4F06-98A7-4F1F0463967C}.Release|x86.Build.0 = Release|Any CPU
		{C1C46F2D-16CE-4FC9-B933-86EF6EA90433}.Debug|Any CPU.ActiveCfg = Debug|Any CPU
		{C1C46F2D-16CE-4FC9-B933-86EF6EA90433}.Debug|Any CPU.Build.0 = Debug|Any CPU
		{C1C46F2D-16CE-4FC9-B933-86EF6EA90433}.Debug|x64.ActiveCfg = Debug|Any CPU
		{C1C46F2D-16CE-4FC9-B933-86EF6EA90433}.Debug|x64.Build.0 = Debug|Any CPU
		{C1C46F2D-16CE-4FC9-B933-86EF6EA90433}.Debug|x86.ActiveCfg = Debug|Any CPU
		{C1C46F2D-16CE-4FC9-B933-86EF6EA90433}.Debug|x86.Build.0 = Debug|Any CPU
		{C1C46F2D-16CE-4FC9-B933-86EF6EA90433}.Release|Any CPU.ActiveCfg = Release|Any CPU
		{C1C46F2D-16CE-4FC9-B933-86EF6EA90433}.Release|Any CPU.Build.0 = Release|Any CPU
		{C1C46F2D-16CE-4FC9-B933-86EF6EA90433}.Release|x64.ActiveCfg = Release|Any CPU
		{C1C46F2D-16CE-4FC9-B933-86EF6EA90433}.Release|x64.Build.0 = Release|Any CPU
		{C1C46F2D-16CE-4FC9-B933-86EF6EA90433}.Release|x86.ActiveCfg = Release|Any CPU
		{C1C46F2D-16CE-4FC9-B933-86EF6EA90433}.Release|x86.Build.0 = Release|Any CPU
		{52275A2B-8C19-4A31-89D4-3E61DC46ECB4}.Debug|Any CPU.ActiveCfg = Debug|Any CPU
		{52275A2B-8C19-4A31-89D4-3E61DC46ECB4}.Debug|Any CPU.Build.0 = Debug|Any CPU
		{52275A2B-8C19-4A31-89D4-3E61DC46ECB4}.Debug|x64.ActiveCfg = Debug|Any CPU
		{52275A2B-8C19-4A31-89D4-3E61DC46ECB4}.Debug|x64.Build.0 = Debug|Any CPU
		{52275A2B-8C19-4A31-89D4-3E61DC46ECB4}.Debug|x86.ActiveCfg = Debug|Any CPU
		{52275A2B-8C19-4A31-89D4-3E61DC46ECB4}.Debug|x86.Build.0 = Debug|Any CPU
		{52275A2B-8C19-4A31-89D4-3E61DC46ECB4}.Release|Any CPU.ActiveCfg = Release|Any CPU
		{52275A2B-8C19-4A31-89D4-3E61DC46ECB4}.Release|Any CPU.Build.0 = Release|Any CPU
		{52275A2B-8C19-4A31-89D4-3E61DC46ECB4}.Release|x64.ActiveCfg = Release|Any CPU
		{52275A2B-8C19-4A31-89D4-3E61DC46ECB4}.Release|x64.Build.0 = Release|Any CPU
		{52275A2B-8C19-4A31-89D4-3E61DC46ECB4}.Release|x86.ActiveCfg = Release|Any CPU
		{52275A2B-8C19-4A31-89D4-3E61DC46ECB4}.Release|x86.Build.0 = Release|Any CPU
		{552D9110-5D8B-48A0-84FB-3551DCA1802B}.Debug|Any CPU.ActiveCfg = Debug|Any CPU
		{552D9110-5D8B-48A0-84FB-3551DCA1802B}.Debug|Any CPU.Build.0 = Debug|Any CPU
		{552D9110-5D8B-48A0-84FB-3551DCA1802B}.Debug|x64.ActiveCfg = Debug|Any CPU
		{552D9110-5D8B-48A0-84FB-3551DCA1802B}.Debug|x64.Build.0 = Debug|Any CPU
		{552D9110-5D8B-48A0-84FB-3551DCA1802B}.Debug|x86.ActiveCfg = Debug|Any CPU
		{552D9110-5D8B-48A0-84FB-3551DCA1802B}.Debug|x86.Build.0 = Debug|Any CPU
		{552D9110-5D8B-48A0-84FB-3551DCA1802B}.Release|Any CPU.ActiveCfg = Release|Any CPU
		{552D9110-5D8B-48A0-84FB-3551DCA1802B}.Release|Any CPU.Build.0 = Release|Any CPU
		{552D9110-5D8B-48A0-84FB-3551DCA1802B}.Release|x64.ActiveCfg = Release|Any CPU
		{552D9110-5D8B-48A0-84FB-3551DCA1802B}.Release|x64.Build.0 = Release|Any CPU
		{552D9110-5D8B-48A0-84FB-3551DCA1802B}.Release|x86.ActiveCfg = Release|Any CPU
		{552D9110-5D8B-48A0-84FB-3551DCA1802B}.Release|x86.Build.0 = Release|Any CPU
		{3A826240-8272-46F8-B6C0-8F4F66C3E46A}.Debug|Any CPU.ActiveCfg = Debug|Any CPU
		{3A826240-8272-46F8-B6C0-8F4F66C3E46A}.Debug|Any CPU.Build.0 = Debug|Any CPU
		{3A826240-8272-46F8-B6C0-8F4F66C3E46A}.Debug|x64.ActiveCfg = Debug|Any CPU
		{3A826240-8272-46F8-B6C0-8F4F66C3E46A}.Debug|x64.Build.0 = Debug|Any CPU
		{3A826240-8272-46F8-B6C0-8F4F66C3E46A}.Debug|x86.ActiveCfg = Debug|Any CPU
		{3A826240-8272-46F8-B6C0-8F4F66C3E46A}.Debug|x86.Build.0 = Debug|Any CPU
		{3A826240-8272-46F8-B6C0-8F4F66C3E46A}.Release|Any CPU.ActiveCfg = Release|Any CPU
		{3A826240-8272-46F8-B6C0-8F4F66C3E46A}.Release|Any CPU.Build.0 = Release|Any CPU
		{3A826240-8272-46F8-B6C0-8F4F66C3E46A}.Release|x64.ActiveCfg = Release|Any CPU
		{3A826240-8272-46F8-B6C0-8F4F66C3E46A}.Release|x64.Build.0 = Release|Any CPU
		{3A826240-8272-46F8-B6C0-8F4F66C3E46A}.Release|x86.ActiveCfg = Release|Any CPU
		{3A826240-8272-46F8-B6C0-8F4F66C3E46A}.Release|x86.Build.0 = Release|Any CPU
		{E9C9F0C0-1AA0-4D24-ADBB-E8A40CD38B10}.Debug|Any CPU.ActiveCfg = Debug|Any CPU
		{E9C9F0C0-1AA0-4D24-ADBB-E8A40CD38B10}.Debug|Any CPU.Build.0 = Debug|Any CPU
		{E9C9F0C0-1AA0-4D24-ADBB-E8A40CD38B10}.Debug|x64.ActiveCfg = Debug|Any CPU
		{E9C9F0C0-1AA0-4D24-ADBB-E8A40CD38B10}.Debug|x64.Build.0 = Debug|Any CPU
		{E9C9F0C0-1AA0-4D24-ADBB-E8A40CD38B10}.Debug|x86.ActiveCfg = Debug|Any CPU
		{E9C9F0C0-1AA0-4D24-ADBB-E8A40CD38B10}.Debug|x86.Build.0 = Debug|Any CPU
		{E9C9F0C0-1AA0-4D24-ADBB-E8A40CD38B10}.Release|Any CPU.ActiveCfg = Release|Any CPU
		{E9C9F0C0-1AA0-4D24-ADBB-E8A40CD38B10}.Release|Any CPU.Build.0 = Release|Any CPU
		{E9C9F0C0-1AA0-4D24-ADBB-E8A40CD38B10}.Release|x64.ActiveCfg = Release|Any CPU
		{E9C9F0C0-1AA0-4D24-ADBB-E8A40CD38B10}.Release|x64.Build.0 = Release|Any CPU
		{E9C9F0C0-1AA0-4D24-ADBB-E8A40CD38B10}.Release|x86.ActiveCfg = Release|Any CPU
		{E9C9F0C0-1AA0-4D24-ADBB-E8A40CD38B10}.Release|x86.Build.0 = Release|Any CPU
		{E6C0BA00-D856-4474-9BDF-73CF4510983B}.Debug|Any CPU.ActiveCfg = Debug|Any CPU
		{E6C0BA00-D856-4474-9BDF-73CF4510983B}.Debug|Any CPU.Build.0 = Debug|Any CPU
		{E6C0BA00-D856-4474-9BDF-73CF4510983B}.Debug|x64.ActiveCfg = Debug|Any CPU
		{E6C0BA00-D856-4474-9BDF-73CF4510983B}.Debug|x64.Build.0 = Debug|Any CPU
		{E6C0BA00-D856-4474-9BDF-73CF4510983B}.Debug|x86.ActiveCfg = Debug|Any CPU
		{E6C0BA00-D856-4474-9BDF-73CF4510983B}.Debug|x86.Build.0 = Debug|Any CPU
		{E6C0BA00-D856-4474-9BDF-73CF4510983B}.Release|Any CPU.ActiveCfg = Release|Any CPU
		{E6C0BA00-D856-4474-9BDF-73CF4510983B}.Release|Any CPU.Build.0 = Release|Any CPU
		{E6C0BA00-D856-4474-9BDF-73CF4510983B}.Release|x64.ActiveCfg = Release|Any CPU
		{E6C0BA00-D856-4474-9BDF-73CF4510983B}.Release|x64.Build.0 = Release|Any CPU
		{E6C0BA00-D856-4474-9BDF-73CF4510983B}.Release|x86.ActiveCfg = Release|Any CPU
		{E6C0BA00-D856-4474-9BDF-73CF4510983B}.Release|x86.Build.0 = Release|Any CPU
		{2F448DDF-3118-49AC-8111-F56EB619CF53}.Debug|Any CPU.ActiveCfg = Debug|Any CPU
		{2F448DDF-3118-49AC-8111-F56EB619CF53}.Debug|Any CPU.Build.0 = Debug|Any CPU
		{2F448DDF-3118-49AC-8111-F56EB619CF53}.Debug|x64.ActiveCfg = Debug|Any CPU
		{2F448DDF-3118-49AC-8111-F56EB619CF53}.Debug|x64.Build.0 = Debug|Any CPU
		{2F448DDF-3118-49AC-8111-F56EB619CF53}.Debug|x86.ActiveCfg = Debug|Any CPU
		{2F448DDF-3118-49AC-8111-F56EB619CF53}.Debug|x86.Build.0 = Debug|Any CPU
		{2F448DDF-3118-49AC-8111-F56EB619CF53}.Release|Any CPU.ActiveCfg = Release|Any CPU
		{2F448DDF-3118-49AC-8111-F56EB619CF53}.Release|Any CPU.Build.0 = Release|Any CPU
		{2F448DDF-3118-49AC-8111-F56EB619CF53}.Release|x64.ActiveCfg = Release|Any CPU
		{2F448DDF-3118-49AC-8111-F56EB619CF53}.Release|x64.Build.0 = Release|Any CPU
		{2F448DDF-3118-49AC-8111-F56EB619CF53}.Release|x86.ActiveCfg = Release|Any CPU
		{2F448DDF-3118-49AC-8111-F56EB619CF53}.Release|x86.Build.0 = Release|Any CPU
		{148AEC0D-AF68-4511-921C-69804A785B16}.Debug|Any CPU.ActiveCfg = Debug|Any CPU
		{148AEC0D-AF68-4511-921C-69804A785B16}.Debug|Any CPU.Build.0 = Debug|Any CPU
		{148AEC0D-AF68-4511-921C-69804A785B16}.Debug|x64.ActiveCfg = Debug|Any CPU
		{148AEC0D-AF68-4511-921C-69804A785B16}.Debug|x64.Build.0 = Debug|Any CPU
		{148AEC0D-AF68-4511-921C-69804A785B16}.Debug|x86.ActiveCfg = Debug|Any CPU
		{148AEC0D-AF68-4511-921C-69804A785B16}.Debug|x86.Build.0 = Debug|Any CPU
		{148AEC0D-AF68-4511-921C-69804A785B16}.Release|Any CPU.ActiveCfg = Release|Any CPU
		{148AEC0D-AF68-4511-921C-69804A785B16}.Release|Any CPU.Build.0 = Release|Any CPU
		{148AEC0D-AF68-4511-921C-69804A785B16}.Release|x64.ActiveCfg = Release|Any CPU
		{148AEC0D-AF68-4511-921C-69804A785B16}.Release|x64.Build.0 = Release|Any CPU
		{148AEC0D-AF68-4511-921C-69804A785B16}.Release|x86.ActiveCfg = Release|Any CPU
		{148AEC0D-AF68-4511-921C-69804A785B16}.Release|x86.Build.0 = Release|Any CPU
	EndGlobalSection
	GlobalSection(SolutionProperties) = preSolution
		HideSolutionNode = FALSE
	EndGlobalSection
	GlobalSection(NestedProjects) = preSolution
		{D4F170F9-62E2-4F06-98A7-4F1F0463967C} = {33FCC7CF-2162-41ED-8438-751F2FC749E1}
		{C1C46F2D-16CE-4FC9-B933-86EF6EA90433} = {767C025F-37B2-4BB2-9CD7-D472967B5CAE}
		{52275A2B-8C19-4A31-89D4-3E61DC46ECB4} = {767C025F-37B2-4BB2-9CD7-D472967B5CAE}
		{552D9110-5D8B-48A0-84FB-3551DCA1802B} = {767C025F-37B2-4BB2-9CD7-D472967B5CAE}
		{3A826240-8272-46F8-B6C0-8F4F66C3E46A} = {33FCC7CF-2162-41ED-8438-751F2FC749E1}
		{E9C9F0C0-1AA0-4D24-ADBB-E8A40CD38B10} = {767C025F-37B2-4BB2-9CD7-D472967B5CAE}
		{E6C0BA00-D856-4474-9BDF-73CF4510983B} = {33FCC7CF-2162-41ED-8438-751F2FC749E1}
		{2F448DDF-3118-49AC-8111-F56EB619CF53} = {767C025F-37B2-4BB2-9CD7-D472967B5CAE}
		{148AEC0D-AF68-4511-921C-69804A785B16} = {33FCC7CF-2162-41ED-8438-751F2FC749E1}
	EndGlobalSection
	GlobalSection(ExtensibilityGlobals) = postSolution
		SolutionGuid = {15FA1FA8-C35A-487D-8E6F-5BDC80B0281B}
	EndGlobalSection
EndGlobal
