
Microsoft Visual Studio Solution File, Format Version 12.00
# Visual Studio Version 17
VisualStudioVersion = 17.1.32328.378
MinimumVisualStudioVersion = 10.0.40219.1
Project("{9A19103F-16F7-4668-BE54-9A1E7A4F7556}") = "NoSqlDatabase", "Cosmos\NoSqlDatabase.csproj", "{413018C8-3D76-4979-B03D-ABA7F7336A0E}"
EndProject
Project("{9A19103F-16F7-4668-BE54-9A1E7A4F7556}") = "Common", "Common\Common.csproj", "{9BC0735C-CA6D-4B7D-886E-CEF7563AECD6}"
EndProject
Project("{9A19103F-16F7-4668-BE54-9A1E7A4F7556}") = "Calendar", "Calendar\Calendar.csproj", "{C6102CFA-F481-4418-A44D-A1C4328CC04F}"
EndProject
Project("{2150E333-8FDC-42A3-9474-1A3956D46DE8}") = "Libs", "Libs", "{767C025F-37B2-4BB2-9CD7-D472967B5CAE}"
EndProject
Project("{FAE04EC0-301F-11D3-BF4B-00C04F79EFBC}") = "NoSqlDatabase.Tests", "Tests\NoSqlDatabase.Tests\NoSqlDatabase.Tests.csproj", "{D4F170F9-62E2-4F06-98A7-4F1F0463967C}"
EndProject
Project("{2150E333-8FDC-42A3-9474-1A3956D46DE8}") = "Tests", "Tests", "{33FCC7CF-2162-41ED-8438-751F2FC749E1}"
EndProject
Global
	GlobalSection(SolutionConfigurationPlatforms) = preSolution
		Debug|Any CPU = Debug|Any CPU
		Debug|x64 = Debug|x64
		Debug|x86 = Debug|x86
		Release|Any CPU = Release|Any CPU
		Release|x64 = Release|x64
		Release|x86 = Release|x86
	EndGlobalSection
	GlobalSection(ProjectConfigurationPlatforms) = postSolution
		{413018C8-3D76-4979-B03D-ABA7F7336A0E}.Debug|Any CPU.ActiveCfg = Debug|Any CPU
		{413018C8-3D76-4979-B03D-ABA7F7336A0E}.Debug|Any CPU.Build.0 = Debug|Any CPU
		{413018C8-3D76-4979-B03D-ABA7F7336A0E}.Debug|x64.ActiveCfg = Debug|Any CPU
		{413018C8-3D76-4979-B03D-ABA7F7336A0E}.Debug|x64.Build.0 = Debug|Any CPU
		{413018C8-3D76-4979-B03D-ABA7F7336A0E}.Debug|x86.ActiveCfg = Debug|Any CPU
		{413018C8-3D76-4979-B03D-ABA7F7336A0E}.Debug|x86.Build.0 = Debug|Any CPU
		{413018C8-3D76-4979-B03D-ABA7F7336A0E}.Release|Any CPU.ActiveCfg = Release|Any CPU
		{413018C8-3D76-4979-B03D-ABA7F7336A0E}.Release|Any CPU.Build.0 = Release|Any CPU
		{413018C8-3D76-4979-B03D-ABA7F7336A0E}.Release|x64.ActiveCfg = Release|Any CPU
		{413018C8-3D76-4979-B03D-ABA7F7336A0E}.Release|x64.Build.0 = Release|Any CPU
		{413018C8-3D76-4979-B03D-ABA7F7336A0E}.Release|x86.ActiveCfg = Release|Any CPU
		{413018C8-3D76-4979-B03D-ABA7F7336A0E}.Release|x86.Build.0 = Release|Any CPU
		{9BC0735C-CA6D-4B7D-886E-CEF7563AECD6}.Debug|Any CPU.ActiveCfg = Debug|Any CPU
		{9BC0735C-CA6D-4B7D-886E-CEF7563AECD6}.Debug|Any CPU.Build.0 = Debug|Any CPU
		{9BC0735C-CA6D-4B7D-886E-CEF7563AECD6}.Debug|x64.ActiveCfg = Debug|Any CPU
		{9BC0735C-CA6D-4B7D-886E-CEF7563AECD6}.Debug|x64.Build.0 = Debug|Any CPU
		{9BC0735C-CA6D-4B7D-886E-CEF7563AECD6}.Debug|x86.ActiveCfg = Debug|Any CPU
		{9BC0735C-CA6D-4B7D-886E-CEF7563AECD6}.Debug|x86.Build.0 = Debug|Any CPU
		{9BC0735C-CA6D-4B7D-886E-CEF7563AECD6}.Release|Any CPU.ActiveCfg = Release|Any CPU
		{9BC0735C-CA6D-4B7D-886E-CEF7563AECD6}.Release|Any CPU.Build.0 = Release|Any CPU
		{9BC0735C-CA6D-4B7D-886E-CEF7563AECD6}.Release|x64.ActiveCfg = Release|Any CPU
		{9BC0735C-CA6D-4B7D-886E-CEF7563AECD6}.Release|x64.Build.0 = Release|Any CPU
		{9BC0735C-CA6D-4B7D-886E-CEF7563AECD6}.Release|x86.ActiveCfg = Release|Any CPU
		{9BC0735C-CA6D-4B7D-886E-CEF7563AECD6}.Release|x86.Build.0 = Release|Any CPU
		{C6102CFA-F481-4418-A44D-A1C4328CC04F}.Debug|Any CPU.ActiveCfg = Debug|Any CPU
		{C6102CFA-F481-4418-A44D-A1C4328CC04F}.Debug|Any CPU.Build.0 = Debug|Any CPU
		{C6102CFA-F481-4418-A44D-A1C4328CC04F}.Debug|x64.ActiveCfg = Debug|Any CPU
		{C6102CFA-F481-4418-A44D-A1C4328CC04F}.Debug|x64.Build.0 = Debug|Any CPU
		{C6102CFA-F481-4418-A44D-A1C4328CC04F}.Debug|x86.ActiveCfg = Debug|Any CPU
		{C6102CFA-F481-4418-A44D-A1C4328CC04F}.Debug|x86.Build.0 = Debug|Any CPU
		{C6102CFA-F481-4418-A44D-A1C4328CC04F}.Release|Any CPU.ActiveCfg = Release|Any CPU
		{C6102CFA-F481-4418-A44D-A1C4328CC04F}.Release|Any CPU.Build.0 = Release|Any CPU
		{C6102CFA-F481-4418-A44D-A1C4328CC04F}.Release|x64.ActiveCfg = Release|Any CPU
		{C6102CFA-F481-4418-A44D-A1C4328CC04F}.Release|x64.Build.0 = Release|Any CPU
		{C6102CFA-F481-4418-A44D-A1C4328CC04F}.Release|x86.ActiveCfg = Release|Any CPU
		{C6102CFA-F481-4418-A44D-A1C4328CC04F}.Release|x86.Build.0 = Release|Any CPU
		{D4F170F9-62E2-4F06-98A7-4F1F0463967C}.Debug|Any CPU.ActiveCfg = Debug|Any CPU
		{D4F170F9-62E2-4F06-98A7-4F1F0463967C}.Debug|Any CPU.Build.0 = Debug|Any CPU
		{D4F170F9-62E2-4F06-98A7-4F1F0463967C}.Debug|x64.ActiveCfg = Debug|Any CPU
		{D4F170F9-62E2-4F06-98A7-4F1F0463967C}.Debug|x64.Build.0 = Debug|Any CPU
		{D4F170F9-62E2-4F06-98A7-4F1F0463967C}.Debug|x86.ActiveCfg = Debug|Any CPU
		{D4F170F9-62E2-4F06-98A7-4F1F0463967C}.Debug|x86.Build.0 = Debug|Any CPU
		{D4F170F9-62E2-4F06-98A7-4F1F0463967C}.Release|Any CPU.ActiveCfg = Release|Any CPU
		{D4F170F9-62E2-4F06-98A7-4F1F0463967C}.Release|Any CPU.Build.0 = Release|Any CPU
		{D4F170F9-62E2-4F06-98A7-4F1F0463967C}.Release|x64.ActiveCfg = Release|Any CPU
		{D4F170F9-62E2-4F06-98A7-4F1F0463967C}.Release|x64.Build.0 = Release|Any CPU
		{D4F170F9-62E2-4F06-98A7-4F1F0463967C}.Release|x86.ActiveCfg = Release|Any CPU
		{D4F170F9-62E2-4F06-98A7-4F1F0463967C}.Release|x86.Build.0 = Release|Any CPU
	EndGlobalSection
	GlobalSection(SolutionProperties) = preSolution
		HideSolutionNode = FALSE
	EndGlobalSection
	GlobalSection(NestedProjects) = preSolution
		{413018C8-3D76-4979-B03D-ABA7F7336A0E} = {767C025F-37B2-4BB2-9CD7-D472967B5CAE}
		{9BC0735C-CA6D-4B7D-886E-CEF7563AECD6} = {767C025F-37B2-4BB2-9CD7-D472967B5CAE}
		{C6102CFA-F481-4418-A44D-A1C4328CC04F} = {767C025F-37B2-4BB2-9CD7-D472967B5CAE}
		{D4F170F9-62E2-4F06-98A7-4F1F0463967C} = {33FCC7CF-2162-41ED-8438-751F2FC749E1}
	EndGlobalSection
	GlobalSection(ExtensibilityGlobals) = postSolution
		SolutionGuid = {15FA1FA8-C35A-487D-8E6F-5BDC80B0281B}
	EndGlobalSection
EndGlobal
